
Microsoft Visual Studio Solution File, Format Version 12.00
# Visual Studio Version 17
VisualStudioVersion = 17.14.36414.22
MinimumVisualStudioVersion = 10.0.40219.1
Project("{FAE04EC0-301F-11D3-BF4B-00C04F79EFBC}") = "laboratorio3", "laboratorio3\laboratorio3.csproj", "{0604AB24-840A-4813-999E-34860C3E796D}"
EndProject
Project("{FAE04EC0-301F-11D3-BF4B-00C04F79EFBC}") = "laboratorio32", "laboratorio32\laboratorio32.csproj", "{CA974282-DEF8-4E0B-BFF4-B924805C6C2B}"
EndProject
Project("{FAE04EC0-301F-11D3-BF4B-00C04F79EFBC}") = "laboratorio33", "laboratorio33\laboratorio33.csproj", "{30C5105B-F31E-47C6-8B7E-301E31727BB7}"
EndProject
Global
	GlobalSection(SolutionConfigurationPlatforms) = preSolution
		Debug|Any CPU = Debug|Any CPU
		Release|Any CPU = Release|Any CPU
	EndGlobalSection
	GlobalSection(ProjectConfigurationPlatforms) = postSolution
		{0604AB24-840A-4813-999E-34860C3E796D}.Debug|Any CPU.ActiveCfg = Debug|Any CPU
		{0604AB24-840A-4813-999E-34860C3E796D}.Debug|Any CPU.Build.0 = Debug|Any CPU
		{0604AB24-840A-4813-999E-34860C3E796D}.Release|Any CPU.ActiveCfg = Release|Any CPU
		{0604AB24-840A-4813-999E-34860C3E796D}.Release|Any CPU.Build.0 = Release|Any CPU
		{CA974282-DEF8-4E0B-BFF4-B924805C6C2B}.Debug|Any CPU.ActiveCfg = Debug|Any CPU
		{CA974282-DEF8-4E0B-BFF4-B924805C6C2B}.Debug|Any CPU.Build.0 = Debug|Any CPU
		{CA974282-DEF8-4E0B-BFF4-B924805C6C2B}.Release|Any CPU.ActiveCfg = Release|Any CPU
		{CA974282-DEF8-4E0B-BFF4-B924805C6C2B}.Release|Any CPU.Build.0 = Release|Any CPU
		{30C5105B-F31E-47C6-8B7E-301E31727BB7}.Debug|Any CPU.ActiveCfg = Debug|Any CPU
		{30C5105B-F31E-47C6-8B7E-301E31727BB7}.Debug|Any CPU.Build.0 = Debug|Any CPU
		{30C5105B-F31E-47C6-8B7E-301E31727BB7}.Release|Any CPU.ActiveCfg = Release|Any CPU
		{30C5105B-F31E-47C6-8B7E-301E31727BB7}.Release|Any CPU.Build.0 = Release|Any CPU
	EndGlobalSection
	GlobalSection(SolutionProperties) = preSolution
		HideSolutionNode = FALSE
	EndGlobalSection
	GlobalSection(ExtensibilityGlobals) = postSolution
		SolutionGuid = {ABEF94E0-7624-4E70-81EE-504579C179AC}
	EndGlobalSection
EndGlobal
