
Microsoft Visual Studio Solution File, Format Version 12.00
# Visual Studio Version 17
VisualStudioVersion = 17.11.35219.272
MinimumVisualStudioVersion = 10.0.40219.1
Project("{FAE04EC0-301F-11D3-BF4B-00C04F79EFBC}") = "laboratorio12", "laboratorio12\laboratorio12.csproj", "{5AA87EC5-01DC-4323-8053-0332AF613905}"
EndProject
Project("{FAE04EC0-301F-11D3-BF4B-00C04F79EFBC}") = "laboratorio122", "laboratorio122\laboratorio122.csproj", "{C3A321BC-124D-49FD-A57D-56CABDA17B65}"
EndProject
Project("{FAE04EC0-301F-11D3-BF4B-00C04F79EFBC}") = "laboratorio123", "laboratorio123\laboratorio123.csproj", "{F9955B4A-A66A-4B68-B834-6975C8E7063A}"
EndProject
Global
	GlobalSection(SolutionConfigurationPlatforms) = preSolution
		Debug|Any CPU = Debug|Any CPU
		Release|Any CPU = Release|Any CPU
	EndGlobalSection
	GlobalSection(ProjectConfigurationPlatforms) = postSolution
		{5AA87EC5-01DC-4323-8053-0332AF613905}.Debug|Any CPU.ActiveCfg = Debug|Any CPU
		{5AA87EC5-01DC-4323-8053-0332AF613905}.Debug|Any CPU.Build.0 = Debug|Any CPU
		{5AA87EC5-01DC-4323-8053-0332AF613905}.Release|Any CPU.ActiveCfg = Release|Any CPU
		{5AA87EC5-01DC-4323-8053-0332AF613905}.Release|Any CPU.Build.0 = Release|Any CPU
		{C3A321BC-124D-49FD-A57D-56CABDA17B65}.Debug|Any CPU.ActiveCfg = Debug|Any CPU
		{C3A321BC-124D-49FD-A57D-56CABDA17B65}.Debug|Any CPU.Build.0 = Debug|Any CPU
		{C3A321BC-124D-49FD-A57D-56CABDA17B65}.Release|Any CPU.ActiveCfg = Release|Any CPU
		{C3A321BC-124D-49FD-A57D-56CABDA17B65}.Release|Any CPU.Build.0 = Release|Any CPU
		{F9955B4A-A66A-4B68-B834-6975C8E7063A}.Debug|Any CPU.ActiveCfg = Debug|Any CPU
		{F9955B4A-A66A-4B68-B834-6975C8E7063A}.Debug|Any CPU.Build.0 = Debug|Any CPU
		{F9955B4A-A66A-4B68-B834-6975C8E7063A}.Release|Any CPU.ActiveCfg = Release|Any CPU
		{F9955B4A-A66A-4B68-B834-6975C8E7063A}.Release|Any CPU.Build.0 = Release|Any CPU
	EndGlobalSection
	GlobalSection(SolutionProperties) = preSolution
		HideSolutionNode = FALSE
	EndGlobalSection
	GlobalSection(ExtensibilityGlobals) = postSolution
		SolutionGuid = {43978775-A28D-4A57-AE8F-98518F79C618}
	EndGlobalSection
EndGlobal
