
Microsoft Visual Studio Solution File, Format Version 12.00
# Visual Studio Version 17
VisualStudioVersion = 17.11.35219.272
MinimumVisualStudioVersion = 10.0.40219.1
Project("{FAE04EC0-301F-11D3-BF4B-00C04F79EFBC}") = "laboratorio13", "laboratorio13\laboratorio13.csproj", "{4EE30D77-D395-435C-A29D-3DB4240C42F5}"
EndProject
Global
	GlobalSection(SolutionConfigurationPlatforms) = preSolution
		Debug|Any CPU = Debug|Any CPU
		Release|Any CPU = Release|Any CPU
	EndGlobalSection
	GlobalSection(ProjectConfigurationPlatforms) = postSolution
		{4EE30D77-D395-435C-A29D-3DB4240C42F5}.Debug|Any CPU.ActiveCfg = Debug|Any CPU
		{4EE30D77-D395-435C-A29D-3DB4240C42F5}.Debug|Any CPU.Build.0 = Debug|Any CPU
		{4EE30D77-D395-435C-A29D-3DB4240C42F5}.Release|Any CPU.ActiveCfg = Release|Any CPU
		{4EE30D77-D395-435C-A29D-3DB4240C42F5}.Release|Any CPU.Build.0 = Release|Any CPU
	EndGlobalSection
	GlobalSection(SolutionProperties) = preSolution
		HideSolutionNode = FALSE
	EndGlobalSection
	GlobalSection(ExtensibilityGlobals) = postSolution
		SolutionGuid = {EAA6A06F-E94E-4830-8CC7-9FDA0C8B8A4E}
	EndGlobalSection
EndGlobal
