
Microsoft Visual Studio Solution File, Format Version 12.00
# Visual Studio Version 17
VisualStudioVersion = 17.14.36623.8 d17.14
MinimumVisualStudioVersion = 10.0.40219.1
Project("{FAE04EC0-301F-11D3-BF4B-00C04F79EFBC}") = "laboratorio14", "laboratorio14\laboratorio14.csproj", "{84D79B8A-035A-4985-BE0E-6CF51D5B4A57}"
EndProject
Global
	GlobalSection(SolutionConfigurationPlatforms) = preSolution
		Debug|Any CPU = Debug|Any CPU
		Release|Any CPU = Release|Any CPU
	EndGlobalSection
	GlobalSection(ProjectConfigurationPlatforms) = postSolution
		{84D79B8A-035A-4985-BE0E-6CF51D5B4A57}.Debug|Any CPU.ActiveCfg = Debug|Any CPU
		{84D79B8A-035A-4985-BE0E-6CF51D5B4A57}.Debug|Any CPU.Build.0 = Debug|Any CPU
		{84D79B8A-035A-4985-BE0E-6CF51D5B4A57}.Release|Any CPU.ActiveCfg = Release|Any CPU
		{84D79B8A-035A-4985-BE0E-6CF51D5B4A57}.Release|Any CPU.Build.0 = Release|Any CPU
	EndGlobalSection
	GlobalSection(SolutionProperties) = preSolution
		HideSolutionNode = FALSE
	EndGlobalSection
	GlobalSection(ExtensibilityGlobals) = postSolution
		SolutionGuid = {4D409015-1DD7-4592-908F-18CF521955F6}
	EndGlobalSection
EndGlobal
